
Microsoft Visual Studio Solution File, Format Version 12.00
# Visual Studio Version 16
VisualStudioVersion = 16.0.34902.97
MinimumVisualStudioVersion = 10.0.40219.1
Project("{FAE04EC0-301F-11D3-BF4B-00C04F79EFBC}") = "UDP_CLIENT", "UDP_CLIENT\UDP_CLIENT.csproj", "{0E4266DE-5A90-4FE9-99D5-ADBB23EBAB84}"
EndProject
Project("{FAE04EC0-301F-11D3-BF4B-00C04F79EFBC}") = "UDP_SERVER", "UDP_SERVER\UDP_SERVER.csproj", "{9DECAA61-FB30-4026-9002-54C3F0BE7A5D}"
EndProject
Global
	GlobalSection(SolutionConfigurationPlatforms) = preSolution
		Debug|Any CPU = Debug|Any CPU
		Release|Any CPU = Release|Any CPU
	EndGlobalSection
	GlobalSection(ProjectConfigurationPlatforms) = postSolution
		{0E4266DE-5A90-4FE9-99D5-ADBB23EBAB84}.Debug|Any CPU.ActiveCfg = Debug|Any CPU
		{0E4266DE-5A90-4FE9-99D5-ADBB23EBAB84}.Debug|Any CPU.Build.0 = Debug|Any CPU
		{0E4266DE-5A90-4FE9-99D5-ADBB23EBAB84}.Release|Any CPU.ActiveCfg = Release|Any CPU
		{0E4266DE-5A90-4FE9-99D5-ADBB23EBAB84}.Release|Any CPU.Build.0 = Release|Any CPU
		{9DECAA61-FB30-4026-9002-54C3F0BE7A5D}.Debug|Any CPU.ActiveCfg = Debug|Any CPU
		{9DECAA61-FB30-4026-9002-54C3F0BE7A5D}.Debug|Any CPU.Build.0 = Debug|Any CPU
		{9DECAA61-FB30-4026-9002-54C3F0BE7A5D}.Release|Any CPU.ActiveCfg = Release|Any CPU
		{9DECAA61-FB30-4026-9002-54C3F0BE7A5D}.Release|Any CPU.Build.0 = Release|Any CPU
	EndGlobalSection
	GlobalSection(SolutionProperties) = preSolution
		HideSolutionNode = FALSE
	EndGlobalSection
	GlobalSection(ExtensibilityGlobals) = postSolution
		SolutionGuid = {5F4BA216-8678-4C2B-8D79-EEBF22F01D1D}
	EndGlobalSection
EndGlobal
